// !$*UTF8*$!
{
	archiveVersion = 1;
	classes = {
	};
	objectVersion = 46;
	objects = {

/* Begin PBXBuildFile section */
		61A4DBB01B17F11B007F9779 /* AppDelegate.swift in Sources */ = {isa = PBXBuildFile; fileRef = 61A4DBAF1B17F11B007F9779 /* AppDelegate.swift */; };
		61A4DBB21B17F11B007F9779 /* ViewController.swift in Sources */ = {isa = PBXBuildFile; fileRef = 61A4DBB11B17F11B007F9779 /* ViewController.swift */; };
		61A4DBB51B17F11B007F9779 /* Main.storyboard in Resources */ = {isa = PBXBuildFile; fileRef = 61A4DBB31B17F11B007F9779 /* Main.storyboard */; };
		61A4DBB71B17F11B007F9779 /* Images.xcassets in Resources */ = {isa = PBXBuildFile; fileRef = 61A4DBB61B17F11B007F9779 /* Images.xcassets */; };
		61A4DBBA1B17F11B007F9779 /* LaunchScreen.xib in Resources */ = {isa = PBXBuildFile; fileRef = 61A4DBB81B17F11B007F9779 /* LaunchScreen.xib */; };
		61A4DBC61B17F11B007F9779 /* T2CustomAdaptiveLayoutTests.swift in Sources */ = {isa = PBXBuildFile; fileRef = 61A4DBC51B17F11B007F9779 /* T2CustomAdaptiveLayoutTests.swift */; };
/* End PBXBuildFile section */

/* Begin PBXContainerItemProxy section */
		61A4DBC01B17F11B007F9779 /* PBXContainerItemProxy */ = {
			isa = PBXContainerItemProxy;
			containerPortal = 61A4DBA21B17F11A007F9779 /* Project object */;
			proxyType = 1;
			remoteGlobalIDString = 61A4DBA91B17F11A007F9779;
			remoteInfo = T2CustomAdaptiveLayout;
		};
/* End PBXContainerItemProxy section */

/* Begin PBXFileReference section */
		61A4DBAA1B17F11B007F9779 /* T2CustomAdaptiveLayout.app */ = {isa = PBXFileReference; explicitFileType = wrapper.application; includeInIndex = 0; path = T2CustomAdaptiveLayout.app; sourceTree = BUILT_PRODUCTS_DIR; };
		61A4DBAE1B17F11B007F9779 /* Info.plist */ = {isa = PBXFileReference; lastKnownFileType = text.plist.xml; path = Info.plist; sourceTree = "<group>"; };
		61A4DBAF1B17F11B007F9779 /* AppDelegate.swift */ = {isa = PBXFileReference; lastKnownFileType = sourcecode.swift; path = AppDelegate.swift; sourceTree = "<group>"; };
		61A4DBB11B17F11B007F9779 /* ViewController.swift */ = {isa = PBXFileReference; lastKnownFileType = sourcecode.swift; path = ViewController.swift; sourceTree = "<group>"; };
		61A4DBB41B17F11B007F9779 /* Base */ = {isa = PBXFileReference; lastKnownFileType = file.storyboard; name = Base; path = Base.lproj/Main.storyboard; sourceTree = "<group>"; };
		61A4DBB61B17F11B007F9779 /* Images.xcassets */ = {isa = PBXFileReference; lastKnownFileType = folder.assetcatalog; path = Images.xcassets; sourceTree = "<group>"; };
		61A4DBB91B17F11B007F9779 /* Base */ = {isa = PBXFileReference; lastKnownFileType = file.xib; name = Base; path = Base.lproj/LaunchScreen.xib; sourceTree = "<group>"; };
		61A4DBBF1B17F11B007F9779 /* T2CustomAdaptiveLayoutTests.xctest */ = {isa = PBXFileReference; explicitFileType = wrapper.cfbundle; includeInIndex = 0; path = T2CustomAdaptiveLayoutTests.xctest; sourceTree = BUILT_PRODUCTS_DIR; };
		61A4DBC41B17F11B007F9779 /* Info.plist */ = {isa = PBXFileReference; lastKnownFileType = text.plist.xml; path = Info.plist; sourceTree = "<group>"; };
		61A4DBC51B17F11B007F9779 /* T2CustomAdaptiveLayoutTests.swift */ = {isa = PBXFileReference; lastKnownFileType = sourcecode.swift; path = T2CustomAdaptiveLayoutTests.swift; sourceTree = "<group>"; };
/* End PBXFileReference section */

/* Begin PBXFrameworksBuildPhase section */
		61A4DBA71B17F11A007F9779 /* Frameworks */ = {
			isa = PBXFrameworksBuildPhase;
			buildActionMask = 2147483647;
			files = (
			);
			runOnlyForDeploymentPostprocessing = 0;
		};
		61A4DBBC1B17F11B007F9779 /* Frameworks */ = {
			isa = PBXFrameworksBuildPhase;
			buildActionMask = 2147483647;
			files = (
			);
			runOnlyForDeploymentPostprocessing = 0;
		};
/* End PBXFrameworksBuildPhase section */

/* Begin PBXGroup section */
		61A4DBA11B17F11A007F9779 = {
			isa = PBXGroup;
			children = (
				61A4DBAC1B17F11B007F9779 /* T2CustomAdaptiveLayout */,
				61A4DBC21B17F11B007F9779 /* T2CustomAdaptiveLayoutTests */,
				61A4DBAB1B17F11B007F9779 /* Products */,
			);
			sourceTree = "<group>";
		};
		61A4DBAB1B17F11B007F9779 /* Products */ = {
			isa = PBXGroup;
			children = (
				61A4DBAA1B17F11B007F9779 /* T2CustomAdaptiveLayout.app */,
				61A4DBBF1B17F11B007F9779 /* T2CustomAdaptiveLayoutTests.xctest */,
			);
			name = Products;
			sourceTree = "<group>";
		};
		61A4DBAC1B17F11B007F9779 /* T2CustomAdaptiveLayout */ = {
			isa = PBXGroup;
			children = (
				61A4DBAF1B17F11B007F9779 /* AppDelegate.swift */,
				61A4DBB11B17F11B007F9779 /* ViewController.swift */,
				61A4DBB31B17F11B007F9779 /* Main.storyboard */,
				61A4DBB61B17F11B007F9779 /* Images.xcassets */,
				61A4DBB81B17F11B007F9779 /* LaunchScreen.xib */,
				61A4DBAD1B17F11B007F9779 /* Supporting Files */,
			);
			path = T2CustomAdaptiveLayout;
			sourceTree = "<group>";
		};
		61A4DBAD1B17F11B007F9779 /* Supporting Files */ = {
			isa = PBXGroup;
			children = (
				61A4DBAE1B17F11B007F9779 /* Info.plist */,
			);
			name = "Supporting Files";
			sourceTree = "<group>";
		};
		61A4DBC21B17F11B007F9779 /* T2CustomAdaptiveLayoutTests */ = {
			isa = PBXGroup;
			children = (
				61A4DBC51B17F11B007F9779 /* T2CustomAdaptiveLayoutTests.swift */,
				61A4DBC31B17F11B007F9779 /* Supporting Files */,
			);
			path = T2CustomAdaptiveLayoutTests;
			sourceTree = "<group>";
		};
		61A4DBC31B17F11B007F9779 /* Supporting Files */ = {
			isa = PBXGroup;
			children = (
				61A4DBC41B17F11B007F9779 /* Info.plist */,
			);
			name = "Supporting Files";
			sourceTree = "<group>";
		};
/* End PBXGroup section */

/* Begin PBXNativeTarget section */
		61A4DBA91B17F11A007F9779 /* T2CustomAdaptiveLayout */ = {
			isa = PBXNativeTarget;
			buildConfigurationList = 61A4DBC91B17F11B007F9779 /* Build configuration list for PBXNativeTarget "T2CustomAdaptiveLayout" */;
			buildPhases = (
				61A4DBA61B17F11A007F9779 /* Sources */,
				61A4DBA71B17F11A007F9779 /* Frameworks */,
				61A4DBA81B17F11A007F9779 /* Resources */,
			);
			buildRules = (
			);
			dependencies = (
			);
			name = T2CustomAdaptiveLayout;
			productName = T2CustomAdaptiveLayout;
			productReference = 61A4DBAA1B17F11B007F9779 /* T2CustomAdaptiveLayout.app */;
			productType = "com.apple.product-type.application";
		};
		61A4DBBE1B17F11B007F9779 /* T2CustomAdaptiveLayoutTests */ = {
			isa = PBXNativeTarget;
			buildConfigurationList = 61A4DBCC1B17F11B007F9779 /* Build configuration list for PBXNativeTarget "T2CustomAdaptiveLayoutTests" */;
			buildPhases = (
				61A4DBBB1B17F11B007F9779 /* Sources */,
				61A4DBBC1B17F11B007F9779 /* Frameworks */,
				61A4DBBD1B17F11B007F9779 /* Resources */,
			);
			buildRules = (
			);
			dependencies = (
				61A4DBC11B17F11B007F9779 /* PBXTargetDependency */,
			);
			name = T2CustomAdaptiveLayoutTests;
			productName = T2CustomAdaptiveLayoutTests;
			productReference = 61A4DBBF1B17F11B007F9779 /* T2CustomAdaptiveLayoutTests.xctest */;
			productType = "com.apple.product-type.bundle.unit-test";
		};
/* End PBXNativeTarget section */

/* Begin PBXProject section */
		61A4DBA21B17F11A007F9779 /* Project object */ = {
			isa = PBXProject;
			attributes = {
				LastUpgradeCheck = 0630;
				ORGANIZATIONNAME = "\tefrenalejandrobll";
				TargetAttributes = {
					61A4DBA91B17F11A007F9779 = {
						CreatedOnToolsVersion = 6.3.1;
					};
					61A4DBBE1B17F11B007F9779 = {
						CreatedOnToolsVersion = 6.3.1;
						TestTargetID = 61A4DBA91B17F11A007F9779;
					};
				};
			};
			buildConfigurationList = 61A4DBA51B17F11A007F9779 /* Build configuration list for PBXProject "T2CustomAdaptiveLayout" */;
			compatibilityVersion = "Xcode 3.2";
			developmentRegion = English;
			hasScannedForEncodings = 0;
			knownRegions = (
				en,
				Base,
			);
			mainGroup = 61A4DBA11B17F11A007F9779;
			productRefGroup = 61A4DBAB1B17F11B007F9779 /* Products */;
			projectDirPath = "";
			projectRoot = "";
			targets = (
				61A4DBA91B17F11A007F9779 /* T2CustomAdaptiveLayout */,
				61A4DBBE1B17F11B007F9779 /* T2CustomAdaptiveLayoutTests */,
			);
		};
/* End PBXProject section */

/* Begin PBXResourcesBuildPhase section */
		61A4DBA81B17F11A007F9779 /* Resources */ = {
			isa = PBXResourcesBuildPhase;
			buildActionMask = 2147483647;
			files = (
				61A4DBB51B17F11B007F9779 /* Main.storyboard in Resources */,
				61A4DBBA1B17F11B007F9779 /* LaunchScreen.xib in Resources */,
				61A4DBB71B17F11B007F9779 /* Images.xcassets in Resources */,
			);
			runOnlyForDeploymentPostprocessing = 0;
		};
		61A4DBBD1B17F11B007F9779 /* Resources */ = {
			isa = PBXResourcesBuildPhase;
			buildActionMask = 2147483647;
			files = (
			);
			runOnlyForDeploymentPostprocessing = 0;
		};
/* End PBXResourcesBuildPhase section */

/* Begin PBXSourcesBuildPhase section */
		61A4DBA61B17F11A007F9779 /* Sources */ = {
			isa = PBXSourcesBuildPhase;
			buildActionMask = 2147483647;
			files = (
				61A4DBB21B17F11B007F9779 /* ViewController.swift in Sources */,
				61A4DBB01B17F11B007F9779 /* AppDelegate.swift in Sources */,
			);
			runOnlyForDeploymentPostprocessing = 0;
		};
		61A4DBBB1B17F11B007F9779 /* Sources */ = {
			isa = PBXSourcesBuildPhase;
			buildActionMask = 2147483647;
			files = (
				61A4DBC61B17F11B007F9779 /* T2CustomAdaptiveLayoutTests.swift in Sources */,
			);
			runOnlyForDeploymentPostprocessing = 0;
		};
/* End PBXSourcesBuildPhase section */

/* Begin PBXTargetDependency section */
		61A4DBC11B17F11B007F9779 /* PBXTargetDependency */ = {
			isa = PBXTargetDependency;
			target = 61A4DBA91B17F11A007F9779 /* T2CustomAdaptiveLayout */;
			targetProxy = 61A4DBC01B17F11B007F9779 /* PBXContainerItemProxy */;
		};
/* End PBXTargetDependency section */

/* Begin PBXVariantGroup section */
		61A4DBB31B17F11B007F9779 /* Main.storyboard */ = {
			isa = PBXVariantGroup;
			children = (
				61A4DBB41B17F11B007F9779 /* Base */,
			);
			name = Main.storyboard;
			sourceTree = "<group>";
		};
		61A4DBB81B17F11B007F9779 /* LaunchScreen.xib */ = {
			isa = PBXVariantGroup;
			children = (
				61A4DBB91B17F11B007F9779 /* Base */,
			);
			name = LaunchScreen.xib;
			sourceTree = "<group>";
		};
/* End PBXVariantGroup section */

/* Begin XCBuildConfiguration section */
		61A4DBC71B17F11B007F9779 /* Debug */ = {
			isa = XCBuildConfiguration;
			buildSettings = {
				ALWAYS_SEARCH_USER_PATHS = NO;
				CLANG_CXX_LANGUAGE_STANDARD = "gnu++0x";
				CLANG_CXX_LIBRARY = "libc++";
				CLANG_ENABLE_MODULES = YES;
				CLANG_ENABLE_OBJC_ARC = YES;
				CLANG_WARN_BOOL_CONVERSION = YES;
				CLANG_WARN_CONSTANT_CONVERSION = YES;
				CLANG_WARN_DIRECT_OBJC_ISA_USAGE = YES_ERROR;
				CLANG_WARN_EMPTY_BODY = YES;
				CLANG_WARN_ENUM_CONVERSION = YES;
				CLANG_WARN_INT_CONVERSION = YES;
				CLANG_WARN_OBJC_ROOT_CLASS = YES_ERROR;
				CLANG_WARN_UNREACHABLE_CODE = YES;
				CLANG_WARN__DUPLICATE_METHOD_MATCH = YES;
				"CODE_SIGN_IDENTITY[sdk=iphoneos*]" = "iPhone Developer";
				COPY_PHASE_STRIP = NO;
				DEBUG_INFORMATION_FORMAT = "dwarf-with-dsym";
				ENABLE_STRICT_OBJC_MSGSEND = YES;
				GCC_C_LANGUAGE_STANDARD = gnu99;
				GCC_DYNAMIC_NO_PIC = NO;
				GCC_NO_COMMON_BLOCKS = YES;
				GCC_OPTIMIZATION_LEVEL = 0;
				GCC_PREPROCESSOR_DEFINITIONS = (
					"DEBUG=1",
					"$(inherited)",
				);
				GCC_SYMBOLS_PRIVATE_EXTERN = NO;
				GCC_WARN_64_TO_32_BIT_CONVERSION = YES;
				GCC_WARN_ABOUT_RETURN_TYPE = YES_ERROR;
				GCC_WARN_UNDECLARED_SELECTOR = YES;
				GCC_WARN_UNINITIALIZED_AUTOS = YES_AGGRESSIVE;
				GCC_WARN_UNUSED_FUNCTION = YES;
				GCC_WARN_UNUSED_VARIABLE = YES;
				IPHONEOS_DEPLOYMENT_TARGET = 8.3;
				MTL_ENABLE_DEBUG_INFO = YES;
				ONLY_ACTIVE_ARCH = YES;
				SDKROOT = iphoneos;
				SWIFT_OPTIMIZATION_LEVEL = "-Onone";
				TARGETED_DEVICE_FAMILY = "1,2";
			};
			name = Debug;
		};
		61A4DBC81B17F11B007F9779 /* Release */ = {
			isa = XCBuildConfiguration;
			buildSettings = {
				ALWAYS_SEARCH_USER_PATHS = NO;
				CLANG_CXX_LANGUAGE_STANDARD = "gnu++0x";
				CLANG_CXX_LIBRARY = "libc++";
				CLANG_ENABLE_MODULES = YES;
				CLANG_ENABLE_OBJC_ARC = YES;
				CLANG_WARN_BOOL_CONVERSION = YES;
				CLANG_WARN_CONSTANT_CONVERSION = YES;
				CLANG_WARN_DIRECT_OBJC_ISA_USAGE = YES_ERROR;
				CLANG_WARN_EMPTY_BODY = YES;
				CLANG_WARN_ENUM_CONVERSION = YES;
				CLANG_WARN_INT_CONVERSION = YES;
				CLANG_WARN_OBJC_ROOT_CLASS = YES_ERROR;
				CLANG_WARN_UNREACHABLE_CODE = YES;
				CLANG_WARN__DUPLICATE_METHOD_MATCH = YES;
				"CODE_SIGN_IDENTITY[sdk=iphoneos*]" = "iPhone Developer";
				COPY_PHASE_STRIP = NO;
				DEBUG_INFORMATION_FORMAT = "dwarf-with-dsym";
				ENABLE_NS_ASSERTIONS = NO;
				ENABLE_STRICT_OBJC_MSGSEND = YES;
				GCC_C_LANGUAGE_STANDARD = gnu99;
				GCC_NO_COMMON_BLOCKS = YES;
				GCC_WARN_64_TO_32_BIT_CONVERSION = YES;
				GCC_WARN_ABOUT_RETURN_TYPE = YES_ERROR;
				GCC_WARN_UNDECLARED_SELECTOR = YES;
				GCC_WARN_UNINITIALIZED_AUTOS = YES_AGGRESSIVE;
				GCC_WARN_UNUSED_FUNCTION = YES;
				GCC_WARN_UNUSED_VARIABLE = YES;
				IPHONEOS_DEPLOYMENT_TARGET = 8.3;
				MTL_ENABLE_DEBUG_INFO = NO;
				SDKROOT = iphoneos;
				TARGETED_DEVICE_FAMILY = "1,2";
				VALIDATE_PRODUCT = YES;
			};
			name = Release;
		};
		61A4DBCA1B17F11B007F9779 /* Debug */ = {
			isa = XCBuildConfiguration;
			buildSettings = {
				ASSETCATALOG_COMPILER_APPICON_NAME = AppIcon;
				INFOPLIST_FILE = T2CustomAdaptiveLayout/Info.plist;
				LD_RUNPATH_SEARCH_PATHS = "$(inherited) @executable_path/Frameworks";
				PRODUCT_NAME = "$(TARGET_NAME)";
			};
			name = Debug;
		};
		61A4DBCB1B17F11B007F9779 /* Release */ = {
			isa = XCBuildConfiguration;
			buildSettings = {
				ASSETCATALOG_COMPILER_APPICON_NAME = AppIcon;
				INFOPLIST_FILE = T2CustomAdaptiveLayout/Info.plist;
				LD_RUNPATH_SEARCH_PATHS = "$(inherited) @executable_path/Frameworks";
				PRODUCT_NAME = "$(TARGET_NAME)";
			};
			name = Release;
		};
		61A4DBCD1B17F11B007F9779 /* Debug */ = {
			isa = XCBuildConfiguration;
			buildSettings = {
				BUNDLE_LOADER = "$(TEST_HOST)";
				FRAMEWORK_SEARCH_PATHS = (
					"$(SDKROOT)/Developer/Library/Frameworks",
					"$(inherited)",
				);
				GCC_PREPROCESSOR_DEFINITIONS = (
					"DEBUG=1",
					"$(inherited)",
				);
				INFOPLIST_FILE = T2CustomAdaptiveLayoutTests/Info.plist;
				LD_RUNPATH_SEARCH_PATHS = "$(inherited) @executable_path/Frameworks @loader_path/Frameworks";
				PRODUCT_NAME = "$(TARGET_NAME)";
				TEST_HOST = "$(BUILT_PRODUCTS_DIR)/T2CustomAdaptiveLayout.app/T2CustomAdaptiveLayout";
			};
			name = Debug;
		};
		61A4DBCE1B17F11B007F9779 /* Release */ = {
			isa = XCBuildConfiguration;
			buildSettings = {
				BUNDLE_LOADER = "$(TEST_HOST)";
				FRAMEWORK_SEARCH_PATHS = (
					"$(SDKROOT)/Developer/Library/Frameworks",
					"$(inherited)",
				);
				INFOPLIST_FILE = T2CustomAdaptiveLayoutTests/Info.plist;
				LD_RUNPATH_SEARCH_PATHS = "$(inherited) @executable_path/Frameworks @loader_path/Frameworks";
				PRODUCT_NAME = "$(TARGET_NAME)";
				TEST_HOST = "$(BUILT_PRODUCTS_DIR)/T2CustomAdaptiveLayout.app/T2CustomAdaptiveLayout";
			};
			name = Release;
		};
/* End XCBuildConfiguration section */

/* Begin XCConfigurationList section */
		61A4DBA51B17F11A007F9779 /* Build configuration list for PBXProject "T2CustomAdaptiveLayout" */ = {
			isa = XCConfigurationList;
			buildConfigurations = (
				61A4DBC71B17F11B007F9779 /* Debug */,
				61A4DBC81B17F11B007F9779 /* Release */,
			);
			defaultConfigurationIsVisible = 0;
			defaultConfigurationName = Release;
		};
		61A4DBC91B17F11B007F9779 /* Build configuration list for PBXNativeTarget "T2CustomAdaptiveLayout" */ = {
			isa = XCConfigurationList;
			buildConfigurations = (
				61A4DBCA1B17F11B007F9779 /* Debug */,
				61A4DBCB1B17F11B007F9779 /* Release */,
			);
			defaultConfigurationIsVisible = 0;
		};
		61A4DBCC1B17F11B007F9779 /* Build configuration list for PBXNativeTarget "T2CustomAdaptiveLayoutTests" */ = {
			isa = XCConfigurationList;
			buildConfigurations = (
				61A4DBCD1B17F11B007F9779 /* Debug */,
				61A4DBCE1B17F11B007F9779 /* Release */,
			);
			defaultConfigurationIsVisible = 0;
		};
/* End XCConfigurationList section */
	};
	rootObject = 61A4DBA21B17F11A007F9779 /* Project object */;
}
